
Microsoft Visual Studio Solution File, Format Version 12.00
# Visual Studio Version 17
VisualStudioVersion = 17.6.33815.320
MinimumVisualStudioVersion = 10.0.40219.1
Project("{9A19103F-16F7-4668-BE54-9A1E7A4F7556}") = "IBatisNetSelf.Common", "IBatisNetSelf.Common\IBatisNetSelf.Common.csproj", "{50FB03C1-04FD-4BC6-A95B-62E6125E63A7}"
EndProject
Project("{9A19103F-16F7-4668-BE54-9A1E7A4F7556}") = "IBatisNetSelf.DataMapper", "IBatisNetSelf.DataMapper\IBatisNetSelf.DataMapper.csproj", "{25BDF1E3-F4E3-40DF-9C50-A4F6ACA4C44E}"
EndProject
Project("{2150E333-8FDC-42A3-9474-1A3956D46DE8}") = "Test", "Test", "{8B50026E-AE90-4146-8C58-3582087AFC54}"
EndProject
Project("{9A19103F-16F7-4668-BE54-9A1E7A4F7556}") = "DbProvider", "Test\DbProvider\DbProvider.csproj", "{D7EE4F02-4B9D-4395-8998-A1081E3AE340}"
EndProject
Project("{9A19103F-16F7-4668-BE54-9A1E7A4F7556}") = "Session", "Test\Session\Session.csproj", "{8F8B390B-5D8B-449E-BB63-64279F64EDE1}"
EndProject
Project("{9A19103F-16F7-4668-BE54-9A1E7A4F7556}") = "EmitObject", "Test\EmitObject\EmitObject.csproj", "{61823EE0-78D5-43A0-AD44-AEFC413144D5}"
EndProject
Project("{9A19103F-16F7-4668-BE54-9A1E7A4F7556}") = "SetAccessor", "Test\SetAccessor\SetAccessor.csproj", "{C482AAFA-C078-4280-86C0-23BB9275FE6E}"
EndProject
Project("{9A19103F-16F7-4668-BE54-9A1E7A4F7556}") = "EmitDllSave", "Test\EmitDllSave\EmitDllSave.csproj", "{C98A66D5-1FB7-4E8B-8534-21A9323E92D9}"
EndProject
Project("{9A19103F-16F7-4668-BE54-9A1E7A4F7556}") = "Logger", "Test\Logger\Logger.csproj", "{EE5A05C5-AF69-47EA-BD20-93CBD5E296AE}"
EndProject
Project("{9A19103F-16F7-4668-BE54-9A1E7A4F7556}") = "XmlOperate", "Test\XmlOperate\XmlOperate.csproj", "{23F50E51-45E1-4FFE-8D4C-1902E942A5B9}"
EndProject
Project("{9A19103F-16F7-4668-BE54-9A1E7A4F7556}") = "DomSqlMap", "Test\DomSqlMap\DomSqlMap.csproj", "{8FA226DD-8B93-4751-91F2-EC172346EF96}"
EndProject
Project("{9A19103F-16F7-4668-BE54-9A1E7A4F7556}") = "Mappers", "Test\Mappers\Mappers.csproj", "{B2D4D5DD-903C-4EB3-B4C4-C2CBF39DA6FC}"
EndProject
Project("{FAE04EC0-301F-11D3-BF4B-00C04F79EFBC}") = "ParseSelectSql", "Test\ParseSelectSql\ParseSelectSql.csproj", "{10BAC18D-825B-41B4-A23B-C8549D36AB33}"
EndProject
Global
	GlobalSection(SolutionConfigurationPlatforms) = preSolution
		Debug|Any CPU = Debug|Any CPU
		Release|Any CPU = Release|Any CPU
	EndGlobalSection
	GlobalSection(ProjectConfigurationPlatforms) = postSolution
		{50FB03C1-04FD-4BC6-A95B-62E6125E63A7}.Debug|Any CPU.ActiveCfg = Debug|Any CPU
		{50FB03C1-04FD-4BC6-A95B-62E6125E63A7}.Debug|Any CPU.Build.0 = Debug|Any CPU
		{50FB03C1-04FD-4BC6-A95B-62E6125E63A7}.Release|Any CPU.ActiveCfg = Release|Any CPU
		{50FB03C1-04FD-4BC6-A95B-62E6125E63A7}.Release|Any CPU.Build.0 = Release|Any CPU
		{25BDF1E3-F4E3-40DF-9C50-A4F6ACA4C44E}.Debug|Any CPU.ActiveCfg = Debug|Any CPU
		{25BDF1E3-F4E3-40DF-9C50-A4F6ACA4C44E}.Debug|Any CPU.Build.0 = Debug|Any CPU
		{25BDF1E3-F4E3-40DF-9C50-A4F6ACA4C44E}.Release|Any CPU.ActiveCfg = Release|Any CPU
		{25BDF1E3-F4E3-40DF-9C50-A4F6ACA4C44E}.Release|Any CPU.Build.0 = Release|Any CPU
		{D7EE4F02-4B9D-4395-8998-A1081E3AE340}.Debug|Any CPU.ActiveCfg = Debug|Any CPU
		{D7EE4F02-4B9D-4395-8998-A1081E3AE340}.Debug|Any CPU.Build.0 = Debug|Any CPU
		{D7EE4F02-4B9D-4395-8998-A1081E3AE340}.Release|Any CPU.ActiveCfg = Release|Any CPU
		{D7EE4F02-4B9D-4395-8998-A1081E3AE340}.Release|Any CPU.Build.0 = Release|Any CPU
		{8F8B390B-5D8B-449E-BB63-64279F64EDE1}.Debug|Any CPU.ActiveCfg = Debug|Any CPU
		{8F8B390B-5D8B-449E-BB63-64279F64EDE1}.Debug|Any CPU.Build.0 = Debug|Any CPU
		{8F8B390B-5D8B-449E-BB63-64279F64EDE1}.Release|Any CPU.ActiveCfg = Release|Any CPU
		{8F8B390B-5D8B-449E-BB63-64279F64EDE1}.Release|Any CPU.Build.0 = Release|Any CPU
		{61823EE0-78D5-43A0-AD44-AEFC413144D5}.Debug|Any CPU.ActiveCfg = Debug|Any CPU
		{61823EE0-78D5-43A0-AD44-AEFC413144D5}.Debug|Any CPU.Build.0 = Debug|Any CPU
		{61823EE0-78D5-43A0-AD44-AEFC413144D5}.Release|Any CPU.ActiveCfg = Release|Any CPU
		{61823EE0-78D5-43A0-AD44-AEFC413144D5}.Release|Any CPU.Build.0 = Release|Any CPU
		{C482AAFA-C078-4280-86C0-23BB9275FE6E}.Debug|Any CPU.ActiveCfg = Debug|Any CPU
		{C482AAFA-C078-4280-86C0-23BB9275FE6E}.Debug|Any CPU.Build.0 = Debug|Any CPU
		{C482AAFA-C078-4280-86C0-23BB9275FE6E}.Release|Any CPU.ActiveCfg = Release|Any CPU
		{C482AAFA-C078-4280-86C0-23BB9275FE6E}.Release|Any CPU.Build.0 = Release|Any CPU
		{C98A66D5-1FB7-4E8B-8534-21A9323E92D9}.Debug|Any CPU.ActiveCfg = Debug|Any CPU
		{C98A66D5-1FB7-4E8B-8534-21A9323E92D9}.Debug|Any CPU.Build.0 = Debug|Any CPU
		{C98A66D5-1FB7-4E8B-8534-21A9323E92D9}.Release|Any CPU.ActiveCfg = Release|Any CPU
		{C98A66D5-1FB7-4E8B-8534-21A9323E92D9}.Release|Any CPU.Build.0 = Release|Any CPU
		{EE5A05C5-AF69-47EA-BD20-93CBD5E296AE}.Debug|Any CPU.ActiveCfg = Debug|Any CPU
		{EE5A05C5-AF69-47EA-BD20-93CBD5E296AE}.Debug|Any CPU.Build.0 = Debug|Any CPU
		{EE5A05C5-AF69-47EA-BD20-93CBD5E296AE}.Release|Any CPU.ActiveCfg = Release|Any CPU
		{EE5A05C5-AF69-47EA-BD20-93CBD5E296AE}.Release|Any CPU.Build.0 = Release|Any CPU
		{23F50E51-45E1-4FFE-8D4C-1902E942A5B9}.Debug|Any CPU.ActiveCfg = Debug|Any CPU
		{23F50E51-45E1-4FFE-8D4C-1902E942A5B9}.Debug|Any CPU.Build.0 = Debug|Any CPU
		{23F50E51-45E1-4FFE-8D4C-1902E942A5B9}.Release|Any CPU.ActiveCfg = Release|Any CPU
		{23F50E51-45E1-4FFE-8D4C-1902E942A5B9}.Release|Any CPU.Build.0 = Release|Any CPU
		{8FA226DD-8B93-4751-91F2-EC172346EF96}.Debug|Any CPU.ActiveCfg = Debug|Any CPU
		{8FA226DD-8B93-4751-91F2-EC172346EF96}.Debug|Any CPU.Build.0 = Debug|Any CPU
		{8FA226DD-8B93-4751-91F2-EC172346EF96}.Release|Any CPU.ActiveCfg = Release|Any CPU
		{8FA226DD-8B93-4751-91F2-EC172346EF96}.Release|Any CPU.Build.0 = Release|Any CPU
		{B2D4D5DD-903C-4EB3-B4C4-C2CBF39DA6FC}.Debug|Any CPU.ActiveCfg = Debug|Any CPU
		{B2D4D5DD-903C-4EB3-B4C4-C2CBF39DA6FC}.Debug|Any CPU.Build.0 = Debug|Any CPU
		{B2D4D5DD-903C-4EB3-B4C4-C2CBF39DA6FC}.Release|Any CPU.ActiveCfg = Release|Any CPU
		{B2D4D5DD-903C-4EB3-B4C4-C2CBF39DA6FC}.Release|Any CPU.Build.0 = Release|Any CPU
		{10BAC18D-825B-41B4-A23B-C8549D36AB33}.Debug|Any CPU.ActiveCfg = Debug|Any CPU
		{10BAC18D-825B-41B4-A23B-C8549D36AB33}.Debug|Any CPU.Build.0 = Debug|Any CPU
		{10BAC18D-825B-41B4-A23B-C8549D36AB33}.Release|Any CPU.ActiveCfg = Release|Any CPU
		{10BAC18D-825B-41B4-A23B-C8549D36AB33}.Release|Any CPU.Build.0 = Release|Any CPU
	EndGlobalSection
	GlobalSection(SolutionProperties) = preSolution
		HideSolutionNode = FALSE
	EndGlobalSection
	GlobalSection(NestedProjects) = preSolution
		{D7EE4F02-4B9D-4395-8998-A1081E3AE340} = {8B50026E-AE90-4146-8C58-3582087AFC54}
		{8F8B390B-5D8B-449E-BB63-64279F64EDE1} = {8B50026E-AE90-4146-8C58-3582087AFC54}
		{61823EE0-78D5-43A0-AD44-AEFC413144D5} = {8B50026E-AE90-4146-8C58-3582087AFC54}
		{C482AAFA-C078-4280-86C0-23BB9275FE6E} = {8B50026E-AE90-4146-8C58-3582087AFC54}
		{C98A66D5-1FB7-4E8B-8534-21A9323E92D9} = {8B50026E-AE90-4146-8C58-3582087AFC54}
		{EE5A05C5-AF69-47EA-BD20-93CBD5E296AE} = {8B50026E-AE90-4146-8C58-3582087AFC54}
		{23F50E51-45E1-4FFE-8D4C-1902E942A5B9} = {8B50026E-AE90-4146-8C58-3582087AFC54}
		{8FA226DD-8B93-4751-91F2-EC172346EF96} = {8B50026E-AE90-4146-8C58-3582087AFC54}
		{B2D4D5DD-903C-4EB3-B4C4-C2CBF39DA6FC} = {8B50026E-AE90-4146-8C58-3582087AFC54}
		{10BAC18D-825B-41B4-A23B-C8549D36AB33} = {8B50026E-AE90-4146-8C58-3582087AFC54}
	EndGlobalSection
	GlobalSection(ExtensibilityGlobals) = postSolution
		SolutionGuid = {54C20C75-FD35-4BE5-BB00-808F6DD58821}
	EndGlobalSection
EndGlobal
